Microsoft Visual Studio Solution File, Format Version 12.00
# Visual Studio Version 16
VisualStudioVersion = 16.0.0.0
MinimumVisualStudioVersion = 16.0.0.0
Project("{9A19103F-16F7-4668-BE54-9A1E7A4F7556}") = "MyApp", "MyApp\MyApp.csproj", "{481D5972-A79B-41C5-B26B-85E23B9D2C64}"
EndProject
Project("{FAE04EC0-301F-11D3-BF4B-00C04F79EFBC}") = "MyApp.Android", "MyApp.Android\MyApp.Android.csproj", "{D854EC9F-DECE-4EFD-8749-11DB036E633B}"
EndProject
Project("{FAE04EC0-301F-11D3-BF4B-00C04F79EFBC}") = "MyApp.iOS", "MyApp.iOS\MyApp.iOS.csproj", "{937D75BF-8C49-45B0-872A-869D45893C85}"
EndProject
Global
	GlobalSection(SolutionConfigurationPlatforms) = preSolution
		Debug|Any CPU = Debug|Any CPU
		Debug|iPhone = Debug|iPhone
		Debug|iPhoneSimulator = Debug|iPhoneSimulator
		Debug|x64 = Debug|x64
		Debug|x86 = Debug|x86
		Release|Any CPU = Release|Any CPU
		Release|iPhone = Release|iPhone
		Release|iPhoneSimulator = Release|iPhoneSimulator
		Release|x64 = Release|x64
		Release|x86 = Release|x86
	EndGlobalSection
	GlobalSection(ProjectConfigurationPlatforms) = postSolution
		{481D5972-A79B-41C5-B26B-85E23B9D2C64}.Debug|Any CPU.ActiveCfg = Debug|Any CPU
		{481D5972-A79B-41C5-B26B-85E23B9D2C64}.Debug|Any CPU.Build.0 = Debug|Any CPU
		{481D5972-A79B-41C5-B26B-85E23B9D2C64}.Debug|iPhone.ActiveCfg = Debug|Any CPU
		{481D5972-A79B-41C5-B26B-85E23B9D2C64}.Debug|iPhone.Build.0 = Debug|Any CPU
		{481D5972-A79B-41C5-B26B-85E23B9D2C64}.Debug|iPhoneSimulator.ActiveCfg = Debug|Any CPU
		{481D5972-A79B-41C5-B26B-85E23B9D2C64}.Debug|iPhoneSimulator.Build.0 = Debug|Any CPU
		{481D5972-A79B-41C5-B26B-85E23B9D2C64}.Debug|x64.ActiveCfg = Debug|Any CPU
		{481D5972-A79B-41C5-B26B-85E23B9D2C64}.Debug|x64.Build.0 = Debug|Any CPU
		{481D5972-A79B-41C5-B26B-85E23B9D2C64}.Debug|x86.ActiveCfg = Debug|Any CPU
		{481D5972-A79B-41C5-B26B-85E23B9D2C64}.Debug|x86.Build.0 = Debug|Any CPU
		{481D5972-A79B-41C5-B26B-85E23B9D2C64}.Release|Any CPU.ActiveCfg = Release|Any CPU
		{481D5972-A79B-41C5-B26B-85E23B9D2C64}.Release|Any CPU.Build.0 = Release|Any CPU
		{481D5972-A79B-41C5-B26B-85E23B9D2C64}.Release|iPhone.ActiveCfg = Release|Any CPU
		{481D5972-A79B-41C5-B26B-85E23B9D2C64}.Release|iPhone.Build.0 = Release|Any CPU
		{481D5972-A79B-41C5-B26B-85E23B9D2C64}.Release|iPhoneSimulator.ActiveCfg = Release|Any CPU
		{481D5972-A79B-41C5-B26B-85E23B9D2C64}.Release|iPhoneSimulator.Build.0 = Release|Any CPU
		{481D5972-A79B-41C5-B26B-85E23B9D2C64}.Release|x64.ActiveCfg = Release|Any CPU
		{481D5972-A79B-41C5-B26B-85E23B9D2C64}.Release|x64.Build.0 = Release|Any CPU
		{481D5972-A79B-41C5-B26B-85E23B9D2C64}.Release|x86.ActiveCfg = Release|Any CPU
		{481D5972-A79B-41C5-B26B-85E23B9D2C64}.Release|x86.Build.0 = Release|Any CPU
		{D854EC9F-DECE-4EFD-8749-11DB036E633B}.Debug|Any CPU.ActiveCfg = Debug|Any CPU
		{D854EC9F-DECE-4EFD-8749-11DB036E633B}.Debug|Any CPU.Build.0 = Debug|Any CPU
		{D854EC9F-DECE-4EFD-8749-11DB036E633B}.Debug|Any CPU.Deploy.0 = Debug|Any CPU
		{D854EC9F-DECE-4EFD-8749-11DB036E633B}.Debug|iPhone.ActiveCfg = Debug|Any CPU
		{D854EC9F-DECE-4EFD-8749-11DB036E633B}.Debug|iPhone.Build.0 = Debug|Any CPU
		{D854EC9F-DECE-4EFD-8749-11DB036E633B}.Debug|iPhone.Deploy.0 = Debug|Any CPU
		{D854EC9F-DECE-4EFD-8749-11DB036E633B}.Debug|iPhoneSimulator.ActiveCfg = Debug|Any CPU
		{D854EC9F-DECE-4EFD-8749-11DB036E633B}.Debug|iPhoneSimulator.Build.0 = Debug|Any CPU
		{D854EC9F-DECE-4EFD-8749-11DB036E633B}.Debug|iPhoneSimulator.Deploy.0 = Debug|Any CPU
		{D854EC9F-DECE-4EFD-8749-11DB036E633B}.Debug|x64.ActiveCfg = Debug|Any CPU
		{D854EC9F-DECE-4EFD-8749-11DB036E633B}.Debug|x64.Build.0 = Debug|Any CPU
		{D854EC9F-DECE-4EFD-8749-11DB036E633B}.Debug|x64.Deploy.0 = Debug|Any CPU
		{D854EC9F-DECE-4EFD-8749-11DB036E633B}.Debug|x86.ActiveCfg = Debug|Any CPU
		{D854EC9F-DECE-4EFD-8749-11DB036E633B}.Debug|x86.Build.0 = Debug|Any CPU
		{D854EC9F-DECE-4EFD-8749-11DB036E633B}.Debug|x86.Deploy.0 = Debug|Any CPU
		{D854EC9F-DECE-4EFD-8749-11DB036E633B}.Release|Any CPU.ActiveCfg = Release|Any CPU
		{D854EC9F-DECE-4EFD-8749-11DB036E633B}.Release|Any CPU.Build.0 = Release|Any CPU
		{D854EC9F-DECE-4EFD-8749-11DB036E633B}.Release|Any CPU.Deploy.0 = Release|Any CPU
		{D854EC9F-DECE-4EFD-8749-11DB036E633B}.Release|iPhone.ActiveCfg = Release|Any CPU
		{D854EC9F-DECE-4EFD-8749-11DB036E633B}.Release|iPhone.Build.0 = Release|Any CPU
		{D854EC9F-DECE-4EFD-8749-11DB036E633B}.Release|iPhone.Deploy.0 = Release|Any CPU
		{D854EC9F-DECE-4EFD-8749-11DB036E633B}.Release|iPhoneSimulator.ActiveCfg = Release|Any CPU
		{D854EC9F-DECE-4EFD-8749-11DB036E633B}.Release|iPhoneSimulator.Build.0 = Release|Any CPU
		{D854EC9F-DECE-4EFD-8749-11DB036E633B}.Release|iPhoneSimulator.Deploy.0 = Release|Any CPU
		{D854EC9F-DECE-4EFD-8749-11DB036E633B}.Release|x64.ActiveCfg = Release|Any CPU
		{D854EC9F-DECE-4EFD-8749-11DB036E633B}.Release|x64.Build.0 = Release|Any CPU
		{D854EC9F-DECE-4EFD-8749-11DB036E633B}.Release|x64.Deploy.0 = Release|Any CPU
		{D854EC9F-DECE-4EFD-8749-11DB036E633B}.Release|x86.ActiveCfg = Release|Any CPU
		{D854EC9F-DECE-4EFD-8749-11DB036E633B}.Release|x86.Build.0 = Release|Any CPU
		{D854EC9F-DECE-4EFD-8749-11DB036E633B}.Release|x86.Deploy.0 = Release|Any CPU
		{937D75BF-8C49-45B0-872A-869D45893C85}.Debug|Any CPU.ActiveCfg = Debug|iPhone
		{937D75BF-8C49-45B0-872A-869D45893C85}.Debug|iPhone.ActiveCfg = Debug|iPhone
		{937D75BF-8C49-45B0-872A-869D45893C85}.Debug|iPhone.Build.0 = Debug|iPhone
		{937D75BF-8C49-45B0-872A-869D45893C85}.Debug|iPhoneSimulator.ActiveCfg = Debug|iPhoneSimulator
		{937D75BF-8C49-45B0-872A-869D45893C85}.Debug|iPhoneSimulator.Build.0 = Debug|iPhoneSimulator
		{937D75BF-8C49-45B0-872A-869D45893C85}.Debug|x64.ActiveCfg = Debug|iPhone
		{937D75BF-8C49-45B0-872A-869D45893C85}.Debug|x86.ActiveCfg = Debug|iPhone
		{937D75BF-8C49-45B0-872A-869D45893C85}.Release|Any CPU.ActiveCfg = Release|iPhone
		{937D75BF-8C49-45B0-872A-869D45893C85}.Release|iPhone.ActiveCfg = Release|iPhone
		{937D75BF-8C49-45B0-872A-869D45893C85}.Release|iPhone.Build.0 = Release|iPhone
		{937D75BF-8C49-45B0-872A-869D45893C85}.Release|iPhoneSimulator.ActiveCfg = Release|iPhoneSimulator
		{937D75BF-8C49-45B0-872A-869D45893C85}.Release|iPhoneSimulator.Build.0 = Release|iPhoneSimulator
		{937D75BF-8C49-45B0-872A-869D45893C85}.Release|x64.ActiveCfg = Release|iPhone
		{937D75BF-8C49-45B0-872A-869D45893C85}.Release|x86.ActiveCfg = Release|iPhone
	EndGlobalSection
	GlobalSection(SolutionProperties) = preSolution
		HideSolutionNode = FALSE
	EndGlobalSection
	GlobalSection(ExtensibilityGlobals) = postSolution
		SolutionGuid = {1E0FE950-F393-4525-BAF5-5295E4CAB565}
	EndGlobalSection
EndGlobal
